
Microsoft Visual Studio Solution File, Format Version 12.00
# Visual Studio Version 16
VisualStudioVersion = 16.0.30804.86
MinimumVisualStudioVersion = 10.0.40219.1
Project("{2150E333-8FDC-42A3-9474-1A3956D46DE8}") = "src", "src", "{6EC0AD01-016A-4BCE-A0DF-F83875E9AB92}"
EndProject
Project("{F2A71F9B-5D33-465A-A702-920D77279786}") = "BarracudaTest.Server", "src\BarracudaTest.Server\BarracudaTest.Server.fsproj", "{FE78DF85-5AEF-4220-8962-AC09D03217C1}"
EndProject
Project("{F2A71F9B-5D33-465A-A702-920D77279786}") = "BarracudaTest.Client", "src\BarracudaTest.Client\BarracudaTest.Client.fsproj", "{1197D096-7009-47A1-92D3-BB528D474280}"
EndProject
Global
	GlobalSection(SolutionProperties) = preSolution
		HideSolutionNode = FALSE
	EndGlobalSection
	GlobalSection(ExtensibilityGlobals) = postSolution
		SolutionGuid = {81911D59-1B33-4DF5-9A62-952C6965AC72}
	EndGlobalSection
	GlobalSection(SolutionConfigurationPlatforms) = preSolution
		Debug|Any CPU = Debug|Any CPU
		Debug|x64 = Debug|x64
		Debug|x86 = Debug|x86
		Release|Any CPU = Release|Any CPU
		Release|x64 = Release|x64
		Release|x86 = Release|x86
	EndGlobalSection
	GlobalSection(ProjectConfigurationPlatforms) = postSolution
		{FE78DF85-5AEF-4220-8962-AC09D03217C1}.Debug|Any CPU.ActiveCfg = Debug|Any CPU
		{FE78DF85-5AEF-4220-8962-AC09D03217C1}.Debug|Any CPU.Build.0 = Debug|Any CPU
		{FE78DF85-5AEF-4220-8962-AC09D03217C1}.Debug|x64.ActiveCfg = Debug|Any CPU
		{FE78DF85-5AEF-4220-8962-AC09D03217C1}.Debug|x64.Build.0 = Debug|Any CPU
		{FE78DF85-5AEF-4220-8962-AC09D03217C1}.Debug|x86.ActiveCfg = Debug|Any CPU
		{FE78DF85-5AEF-4220-8962-AC09D03217C1}.Debug|x86.Build.0 = Debug|Any CPU
		{FE78DF85-5AEF-4220-8962-AC09D03217C1}.Release|Any CPU.ActiveCfg = Release|Any CPU
		{FE78DF85-5AEF-4220-8962-AC09D03217C1}.Release|Any CPU.Build.0 = Release|Any CPU
		{FE78DF85-5AEF-4220-8962-AC09D03217C1}.Release|x64.ActiveCfg = Release|Any CPU
		{FE78DF85-5AEF-4220-8962-AC09D03217C1}.Release|x64.Build.0 = Release|Any CPU
		{FE78DF85-5AEF-4220-8962-AC09D03217C1}.Release|x86.ActiveCfg = Release|Any CPU
		{FE78DF85-5AEF-4220-8962-AC09D03217C1}.Release|x86.Build.0 = Release|Any CPU
		{1197D096-7009-47A1-92D3-BB528D474280}.Debug|Any CPU.ActiveCfg = Debug|Any CPU
		{1197D096-7009-47A1-92D3-BB528D474280}.Debug|Any CPU.Build.0 = Debug|Any CPU
		{1197D096-7009-47A1-92D3-BB528D474280}.Debug|x64.ActiveCfg = Debug|Any CPU
		{1197D096-7009-47A1-92D3-BB528D474280}.Debug|x64.Build.0 = Debug|Any CPU
		{1197D096-7009-47A1-92D3-BB528D474280}.Debug|x86.ActiveCfg = Debug|Any CPU
		{1197D096-7009-47A1-92D3-BB528D474280}.Debug|x86.Build.0 = Debug|Any CPU
		{1197D096-7009-47A1-92D3-BB528D474280}.Release|Any CPU.ActiveCfg = Release|Any CPU
		{1197D096-7009-47A1-92D3-BB528D474280}.Release|Any CPU.Build.0 = Release|Any CPU
		{1197D096-7009-47A1-92D3-BB528D474280}.Release|x64.ActiveCfg = Release|Any CPU
		{1197D096-7009-47A1-92D3-BB528D474280}.Release|x64.Build.0 = Release|Any CPU
		{1197D096-7009-47A1-92D3-BB528D474280}.Release|x86.ActiveCfg = Release|Any CPU
		{1197D096-7009-47A1-92D3-BB528D474280}.Release|x86.Build.0 = Release|Any CPU
	EndGlobalSection
	GlobalSection(NestedProjects) = preSolution
		{FE78DF85-5AEF-4220-8962-AC09D03217C1} = {6EC0AD01-016A-4BCE-A0DF-F83875E9AB92}
		{1197D096-7009-47A1-92D3-BB528D474280} = {6EC0AD01-016A-4BCE-A0DF-F83875E9AB92}
	EndGlobalSection
EndGlobal
